// !$*UTF8*$!
{
	archiveVersion = 1;
	classes = {
	};
	objectVersion = 50;
	objects = {

/* Begin PBXBuildFile section */
		328914D92529588400D7B951 /* AppDelegate.swift in Sources */ = {isa = PBXBuildFile; fileRef = 328914D82529588400D7B951 /* AppDelegate.swift */; };
		328914DB2529588400D7B951 /* SceneDelegate.swift in Sources */ = {isa = PBXBuildFile; fileRef = 328914DA2529588400D7B951 /* SceneDelegate.swift */; };
		328914DD2529588400D7B951 /* ViewController.swift in Sources */ = {isa = PBXBuildFile; fileRef = 328914DC2529588400D7B951 /* ViewController.swift */; };
		328914E02529588400D7B951 /* Main.storyboard in Resources */ = {isa = PBXBuildFile; fileRef = 328914DE2529588400D7B951 /* Main.storyboard */; };
		328914E22529588700D7B951 /* Assets.xcassets in Resources */ = {isa = PBXBuildFile; fileRef = 328914E12529588700D7B951 /* Assets.xcassets */; };
		328914E52529588700D7B951 /* LaunchScreen.storyboard in Resources */ = {isa = PBXBuildFile; fileRef = 328914E32529588700D7B951 /* LaunchScreen.storyboard */; };
		328914ED2529595600D7B951 /* Car.swift in Sources */ = {isa = PBXBuildFile; fileRef = 328914EC2529595600D7B951 /* Car.swift */; };
		328914EF25295BFD00D7B951 /* CarCollectionViewCell.swift in Sources */ = {isa = PBXBuildFile; fileRef = 328914EE25295BFD00D7B951 /* CarCollectionViewCell.swift */; };
		328914F425295EED00D7B951 /* 01.jpeg in Resources */ = {isa = PBXBuildFile; fileRef = 328914F025295EEB00D7B951 /* 01.jpeg */; };
		328914F525295EED00D7B951 /* 02.jpeg in Resources */ = {isa = PBXBuildFile; fileRef = 328914F125295EEC00D7B951 /* 02.jpeg */; };
		328914F625295EED00D7B951 /* 03.jpeg in Resources */ = {isa = PBXBuildFile; fileRef = 328914F225295EEC00D7B951 /* 03.jpeg */; };
		328914F725295EED00D7B951 /* 04.jpeg in Resources */ = {isa = PBXBuildFile; fileRef = 328914F325295EED00D7B951 /* 04.jpeg */; };
		32891500252A54C900D7B951 /* CarDetailViewController.swift in Sources */ = {isa = PBXBuildFile; fileRef = 328914FF252A54C900D7B951 /* CarDetailViewController.swift */; };
		32891502252A54D600D7B951 /* CarDetail.storyboard in Resources */ = {isa = PBXBuildFile; fileRef = 32891501252A54D600D7B951 /* CarDetail.storyboard */; };
/* End PBXBuildFile section */

/* Begin PBXFileReference section */
		328914D52529588400D7B951 /* 10_03_EX_Desafio03.app */ = {isa = PBXFileReference; explicitFileType = wrapper.application; includeInIndex = 0; path = 10_03_EX_Desafio03.app; sourceTree = BUILT_PRODUCTS_DIR; };
		328914D82529588400D7B951 /* AppDelegate.swift */ = {isa = PBXFileReference; lastKnownFileType = sourcecode.swift; path = AppDelegate.swift; sourceTree = "<group>"; };
		328914DA2529588400D7B951 /* SceneDelegate.swift */ = {isa = PBXFileReference; lastKnownFileType = sourcecode.swift; path = SceneDelegate.swift; sourceTree = "<group>"; };
		328914DC2529588400D7B951 /* ViewController.swift */ = {isa = PBXFileReference; lastKnownFileType = sourcecode.swift; path = ViewController.swift; sourceTree = "<group>"; };
		328914DF2529588400D7B951 /* Base */ = {isa = PBXFileReference; lastKnownFileType = file.storyboard; name = Base; path = Base.lproj/Main.storyboard; sourceTree = "<group>"; };
		328914E12529588700D7B951 /* Assets.xcassets */ = {isa = PBXFileReference; lastKnownFileType = folder.assetcatalog; path = Assets.xcassets; sourceTree = "<group>"; };
		328914E42529588700D7B951 /* Base */ = {isa = PBXFileReference; lastKnownFileType = file.storyboard; name = Base; path = Base.lproj/LaunchScreen.storyboard; sourceTree = "<group>"; };
		328914E62529588700D7B951 /* Info.plist */ = {isa = PBXFileReference; lastKnownFileType = text.plist.xml; path = Info.plist; sourceTree = "<group>"; };
		328914EC2529595600D7B951 /* Car.swift */ = {isa = PBXFileReference; lastKnownFileType = sourcecode.swift; path = Car.swift; sourceTree = "<group>"; };
		328914EE25295BFD00D7B951 /* CarCollectionViewCell.swift */ = {isa = PBXFileReference; lastKnownFileType = sourcecode.swift; path = CarCollectionViewCell.swift; sourceTree = "<group>"; };
		328914F025295EEB00D7B951 /* 01.jpeg */ = {isa = PBXFileReference; lastKnownFileType = image.jpeg; path = 01.jpeg; sourceTree = "<group>"; };
		328914F125295EEC00D7B951 /* 02.jpeg */ = {isa = PBXFileReference; lastKnownFileType = image.jpeg; path = 02.jpeg; sourceTree = "<group>"; };
		328914F225295EEC00D7B951 /* 03.jpeg */ = {isa = PBXFileReference; lastKnownFileType = image.jpeg; path = 03.jpeg; sourceTree = "<group>"; };
		328914F325295EED00D7B951 /* 04.jpeg */ = {isa = PBXFileReference; lastKnownFileType = image.jpeg; path = 04.jpeg; sourceTree = "<group>"; };
		328914FF252A54C900D7B951 /* CarDetailViewController.swift */ = {isa = PBXFileReference; lastKnownFileType = sourcecode.swift; path = CarDetailViewController.swift; sourceTree = "<group>"; };
		32891501252A54D600D7B951 /* CarDetail.storyboard */ = {isa = PBXFileReference; lastKnownFileType = file.storyboard; path = CarDetail.storyboard; sourceTree = "<group>"; };
/* End PBXFileReference section */

/* Begin PBXFrameworksBuildPhase section */
		328914D22529588400D7B951 /* Frameworks */ = {
			isa = PBXFrameworksBuildPhase;
			buildActionMask = 2147483647;
			files = (
			);
			runOnlyForDeploymentPostprocessing = 0;
		};
/* End PBXFrameworksBuildPhase section */

/* Begin PBXGroup section */
		328914CC2529588400D7B951 = {
			isa = PBXGroup;
			children = (
				328914D72529588400D7B951 /* 10_03_EX_Desafio03 */,
				328914D62529588400D7B951 /* Products */,
			);
			sourceTree = "<group>";
		};
		328914D62529588400D7B951 /* Products */ = {
			isa = PBXGroup;
			children = (
				328914D52529588400D7B951 /* 10_03_EX_Desafio03.app */,
			);
			name = Products;
			sourceTree = "<group>";
		};
		328914D72529588400D7B951 /* 10_03_EX_Desafio03 */ = {
			isa = PBXGroup;
			children = (
				328914D82529588400D7B951 /* AppDelegate.swift */,
				328914DA2529588400D7B951 /* SceneDelegate.swift */,
				328914FE252A4E9500D7B951 /* Car Detail */,
				328914F9252A4D8B00D7B951 /* Main */,
				328914EE25295BFD00D7B951 /* CarCollectionViewCell.swift */,
				328914EC2529595600D7B951 /* Car.swift */,
				328914E12529588700D7B951 /* Assets.xcassets */,
				328914E32529588700D7B951 /* LaunchScreen.storyboard */,
				328914E62529588700D7B951 /* Info.plist */,
			);
			path = 10_03_EX_Desafio03;
			sourceTree = "<group>";
		};
		328914F825295EF700D7B951 /* image */ = {
			isa = PBXGroup;
			children = (
				328914F025295EEB00D7B951 /* 01.jpeg */,
				328914F125295EEC00D7B951 /* 02.jpeg */,
				328914F225295EEC00D7B951 /* 03.jpeg */,
				328914F325295EED00D7B951 /* 04.jpeg */,
			);
			path = image;
			sourceTree = "<group>";
		};
		328914F9252A4D8B00D7B951 /* Main */ = {
			isa = PBXGroup;
			children = (
				328914DC2529588400D7B951 /* ViewController.swift */,
				328914DE2529588400D7B951 /* Main.storyboard */,
				328914F825295EF700D7B951 /* image */,
			);
			path = Main;
			sourceTree = "<group>";
		};
		328914FE252A4E9500D7B951 /* Car Detail */ = {
			isa = PBXGroup;
			children = (
				328914FF252A54C900D7B951 /* CarDetailViewController.swift */,
				32891501252A54D600D7B951 /* CarDetail.storyboard */,
			);
			path = "Car Detail";
			sourceTree = "<group>";
		};
/* End PBXGroup section */

/* Begin PBXNativeTarget section */
		328914D42529588400D7B951 /* 10_03_EX_Desafio03 */ = {
			isa = PBXNativeTarget;
			buildConfigurationList = 328914E92529588700D7B951 /* Build configuration list for PBXNativeTarget "10_03_EX_Desafio03" */;
			buildPhases = (
				328914D12529588400D7B951 /* Sources */,
				328914D22529588400D7B951 /* Frameworks */,
				328914D32529588400D7B951 /* Resources */,
			);
			buildRules = (
			);
			dependencies = (
			);
			name = 10_03_EX_Desafio03;
			productName = 10_03_EX_Desafio03;
			productReference = 328914D52529588400D7B951 /* 10_03_EX_Desafio03.app */;
			productType = "com.apple.product-type.application";
		};
/* End PBXNativeTarget section */

/* Begin PBXProject section */
		328914CD2529588400D7B951 /* Project object */ = {
			isa = PBXProject;
			attributes = {
				LastSwiftUpdateCheck = 1130;
				LastUpgradeCheck = 1130;
				ORGANIZATIONNAME = "Fernanda Fernandes";
				TargetAttributes = {
					328914D42529588400D7B951 = {
						CreatedOnToolsVersion = 11.3.1;
					};
				};
			};
			buildConfigurationList = 328914D02529588400D7B951 /* Build configuration list for PBXProject "10_03_EX_Desafio03" */;
			compatibilityVersion = "Xcode 9.3";
			developmentRegion = en;
			hasScannedForEncodings = 0;
			knownRegions = (
				en,
				Base,
			);
			mainGroup = 328914CC2529588400D7B951;
			productRefGroup = 328914D62529588400D7B951 /* Products */;
			projectDirPath = "";
			projectRoot = "";
			targets = (
				328914D42529588400D7B951 /* 10_03_EX_Desafio03 */,
			);
		};
/* End PBXProject section */

/* Begin PBXResourcesBuildPhase section */
		328914D32529588400D7B951 /* Resources */ = {
			isa = PBXResourcesBuildPhase;
			buildActionMask = 2147483647;
			files = (
				328914F725295EED00D7B951 /* 04.jpeg in Resources */,
				328914F625295EED00D7B951 /* 03.jpeg in Resources */,
				328914F425295EED00D7B951 /* 01.jpeg in Resources */,
				328914F525295EED00D7B951 /* 02.jpeg in Resources */,
				32891502252A54D600D7B951 /* CarDetail.storyboard in Resources */,
				328914E52529588700D7B951 /* LaunchScreen.storyboard in Resources */,
				328914E22529588700D7B951 /* Assets.xcassets in Resources */,
				328914E02529588400D7B951 /* Main.storyboard in Resources */,
			);
			runOnlyForDeploymentPostprocessing = 0;
		};
/* End PBXResourcesBuildPhase section */

/* Begin PBXSourcesBuildPhase section */
		328914D12529588400D7B951 /* Sources */ = {
			isa = PBXSourcesBuildPhase;
			buildActionMask = 2147483647;
			files = (
				328914DD2529588400D7B951 /* ViewController.swift in Sources */,
				328914EF25295BFD00D7B951 /* CarCollectionViewCell.swift in Sources */,
				32891500252A54C900D7B951 /* CarDetailViewController.swift in Sources */,
				328914D92529588400D7B951 /* AppDelegate.swift in Sources */,
				328914ED2529595600D7B951 /* Car.swift in Sources */,
				328914DB2529588400D7B951 /* SceneDelegate.swift in Sources */,
			);
			runOnlyForDeploymentPostprocessing = 0;
		};
/* End PBXSourcesBuildPhase section */

/* Begin PBXVariantGroup section */
		328914DE2529588400D7B951 /* Main.storyboard */ = {
			isa = PBXVariantGroup;
			children = (
				328914DF2529588400D7B951 /* Base */,
			);
			name = Main.storyboard;
			sourceTree = "<group>";
		};
		328914E32529588700D7B951 /* LaunchScreen.storyboard */ = {
			isa = PBXVariantGroup;
			children = (
				328914E42529588700D7B951 /* Base */,
			);
			name = LaunchScreen.storyboard;
			sourceTree = "<group>";
		};
/* End PBXVariantGroup section */

/* Begin XCBuildConfiguration section */
		328914E72529588700D7B951 /* Debug */ = {
			isa = XCBuildConfiguration;
			buildSettings = {
				ALWAYS_SEARCH_USER_PATHS = NO;
				CLANG_ANALYZER_NONNULL = YES;
				CLANG_ANALYZER_NUMBER_OBJECT_CONVERSION = YES_AGGRESSIVE;
				CLANG_CXX_LANGUAGE_STANDARD = "gnu++14";
				CLANG_CXX_LIBRARY = "libc++";
				CLANG_ENABLE_MODULES = YES;
				CLANG_ENABLE_OBJC_ARC = YES;
				CLANG_ENABLE_OBJC_WEAK = YES;
				CLANG_WARN_BLOCK_CAPTURE_AUTORELEASING = YES;
				CLANG_WARN_BOOL_CONVERSION = YES;
				CLANG_WARN_COMMA = YES;
				CLANG_WARN_CONSTANT_CONVERSION = YES;
				CLANG_WARN_DEPRECATED_OBJC_IMPLEMENTATIONS = YES;
				CLANG_WARN_DIRECT_OBJC_ISA_USAGE = YES_ERROR;
				CLANG_WARN_DOCUMENTATION_COMMENTS = YES;
				CLANG_WARN_EMPTY_BODY = YES;
				CLANG_WARN_ENUM_CONVERSION = YES;
				CLANG_WARN_INFINITE_RECURSION = YES;
				CLANG_WARN_INT_CONVERSION = YES;
				CLANG_WARN_NON_LITERAL_NULL_CONVERSION = YES;
				CLANG_WARN_OBJC_IMPLICIT_RETAIN_SELF = YES;
				CLANG_WARN_OBJC_LITERAL_CONVERSION = YES;
				CLANG_WARN_OBJC_ROOT_CLASS = YES_ERROR;
				CLANG_WARN_RANGE_LOOP_ANALYSIS = YES;
				CLANG_WARN_STRICT_PROTOTYPES = YES;
				CLANG_WARN_SUSPICIOUS_MOVE = YES;
				CLANG_WARN_UNGUARDED_AVAILABILITY = YES_AGGRESSIVE;
				CLANG_WARN_UNREACHABLE_CODE = YES;
				CLANG_WARN__DUPLICATE_METHOD_MATCH = YES;
				COPY_PHASE_STRIP = NO;
				DEBUG_INFORMATION_FORMAT = dwarf;
				ENABLE_STRICT_OBJC_MSGSEND = YES;
				ENABLE_TESTABILITY = YES;
				GCC_C_LANGUAGE_STANDARD = gnu11;
				GCC_DYNAMIC_NO_PIC = NO;
				GCC_NO_COMMON_BLOCKS = YES;
				GCC_OPTIMIZATION_LEVEL = 0;
				GCC_PREPROCESSOR_DEFINITIONS = (
					"DEBUG=1",
					"$(inherited)",
				);
				GCC_WARN_64_TO_32_BIT_CONVERSION = YES;
				GCC_WARN_ABOUT_RETURN_TYPE = YES_ERROR;
				GCC_WARN_UNDECLARED_SELECTOR = YES;
				GCC_WARN_UNINITIALIZED_AUTOS = YES_AGGRESSIVE;
				GCC_WARN_UNUSED_FUNCTION = YES;
				GCC_WARN_UNUSED_VARIABLE = YES;
				IPHONEOS_DEPLOYMENT_TARGET = 13.2;
				MTL_ENABLE_DEBUG_INFO = INCLUDE_SOURCE;
				MTL_FAST_MATH = YES;
				ONLY_ACTIVE_ARCH = YES;
				SDKROOT = iphoneos;
				SWIFT_ACTIVE_COMPILATION_CONDITIONS = DEBUG;
				SWIFT_OPTIMIZATION_LEVEL = "-Onone";
			};
			name = Debug;
		};
		328914E82529588700D7B951 /* Release */ = {
			isa = XCBuildConfiguration;
			buildSettings = {
				ALWAYS_SEARCH_USER_PATHS = NO;
				CLANG_ANALYZER_NONNULL = YES;
				CLANG_ANALYZER_NUMBER_OBJECT_CONVERSION = YES_AGGRESSIVE;
				CLANG_CXX_LANGUAGE_STANDARD = "gnu++14";
				CLANG_CXX_LIBRARY = "libc++";
				CLANG_ENABLE_MODULES = YES;
				CLANG_ENABLE_OBJC_ARC = YES;
				CLANG_ENABLE_OBJC_WEAK = YES;
				CLANG_WARN_BLOCK_CAPTURE_AUTORELEASING = YES;
				CLANG_WARN_BOOL_CONVERSION = YES;
				CLANG_WARN_COMMA = YES;
				CLANG_WARN_CONSTANT_CONVERSION = YES;
				CLANG_WARN_DEPRECATED_OBJC_IMPLEMENTATIONS = YES;
				CLANG_WARN_DIRECT_OBJC_ISA_USAGE = YES_ERROR;
				CLANG_WARN_DOCUMENTATION_COMMENTS = YES;
				CLANG_WARN_EMPTY_BODY = YES;
				CLANG_WARN_ENUM_CONVERSION = YES;
				CLANG_WARN_INFINITE_RECURSION = YES;
				CLANG_WARN_INT_CONVERSION = YES;
				CLANG_WARN_NON_LITERAL_NULL_CONVERSION = YES;
				CLANG_WARN_OBJC_IMPLICIT_RETAIN_SELF = YES;
				CLANG_WARN_OBJC_LITERAL_CONVERSION = YES;
				CLANG_WARN_OBJC_ROOT_CLASS = YES_ERROR;
				CLANG_WARN_RANGE_LOOP_ANALYSIS = YES;
				CLANG_WARN_STRICT_PROTOTYPES = YES;
				CLANG_WARN_SUSPICIOUS_MOVE = YES;
				CLANG_WARN_UNGUARDED_AVAILABILITY = YES_AGGRESSIVE;
				CLANG_WARN_UNREACHABLE_CODE = YES;
				CLANG_WARN__DUPLICATE_METHOD_MATCH = YES;
				COPY_PHASE_STRIP = NO;
				DEBUG_INFORMATION_FORMAT = "dwarf-with-dsym";
				ENABLE_NS_ASSERTIONS = NO;
				ENABLE_STRICT_OBJC_MSGSEND = YES;
				GCC_C_LANGUAGE_STANDARD = gnu11;
				GCC_NO_COMMON_BLOCKS = YES;
				GCC_WARN_64_TO_32_BIT_CONVERSION = YES;
				GCC_WARN_ABOUT_RETURN_TYPE = YES_ERROR;
				GCC_WARN_UNDECLARED_SELECTOR = YES;
				GCC_WARN_UNINITIALIZED_AUTOS = YES_AGGRESSIVE;
				GCC_WARN_UNUSED_FUNCTION = YES;
				GCC_WARN_UNUSED_VARIABLE = YES;
				IPHONEOS_DEPLOYMENT_TARGET = 13.2;
				MTL_ENABLE_DEBUG_INFO = NO;
				MTL_FAST_MATH = YES;
				SDKROOT = iphoneos;
				SWIFT_COMPILATION_MODE = wholemodule;
				SWIFT_OPTIMIZATION_LEVEL = "-O";
				VALIDATE_PRODUCT = YES;
			};
			name = Release;
		};
		328914EA2529588700D7B951 /* Debug */ = {
			isa = XCBuildConfiguration;
			buildSettings = {
				ASSETCATALOG_COMPILER_APPICON_NAME = AppIcon;
				CODE_SIGN_STYLE = Automatic;
				DEVELOPMENT_TEAM = CM7S6W665Y;
				INFOPLIST_FILE = 10_03_EX_Desafio03/Info.plist;
				LD_RUNPATH_SEARCH_PATHS = (
					"$(inherited)",
					"@executable_path/Frameworks",
				);
				PRODUCT_BUNDLE_IDENTIFIER = "com.flf.-0-03-EX-Desafio03";
				PRODUCT_NAME = "$(TARGET_NAME)";
				SWIFT_VERSION = 5.0;
				TARGETED_DEVICE_FAMILY = "1,2";
			};
			name = Debug;
		};
		328914EB2529588700D7B951 /* Release */ = {
			isa = XCBuildConfiguration;
			buildSettings = {
				ASSETCATALOG_COMPILER_APPICON_NAME = AppIcon;
				CODE_SIGN_STYLE = Automatic;
				DEVELOPMENT_TEAM = CM7S6W665Y;
				INFOPLIST_FILE = 10_03_EX_Desafio03/Info.plist;
				LD_RUNPATH_SEARCH_PATHS = (
					"$(inherited)",
					"@executable_path/Frameworks",
				);
				PRODUCT_BUNDLE_IDENTIFIER = "com.flf.-0-03-EX-Desafio03";
				PRODUCT_NAME = "$(TARGET_NAME)";
				SWIFT_VERSION = 5.0;
				TARGETED_DEVICE_FAMILY = "1,2";
			};
			name = Release;
		};
/* End XCBuildConfiguration section */

/* Begin XCConfigurationList section */
		328914D02529588400D7B951 /* Build configuration list for PBXProject "10_03_EX_Desafio03" */ = {
			isa = XCConfigurationList;
			buildConfigurations = (
				328914E72529588700D7B951 /* Debug */,
				328914E82529588700D7B951 /* Release */,
			);
			defaultConfigurationIsVisible = 0;
			defaultConfigurationName = Release;
		};
		328914E92529588700D7B951 /* Build configuration list for PBXNativeTarget "10_03_EX_Desafio03" */ = {
			isa = XCConfigurationList;
			buildConfigurations = (
				328914EA2529588700D7B951 /* Debug */,
				328914EB2529588700D7B951 /* Release */,
			);
			defaultConfigurationIsVisible = 0;
			defaultConfigurationName = Release;
		};
/* End XCConfigurationList section */
	};
	rootObject = 328914CD2529588400D7B951 /* Project object */;
}
