// !$*UTF8*$!
{
	archiveVersion = 1;
	classes = {
	};
	objectVersion = 50;
	objects = {

/* Begin PBXBuildFile section */
		3222FF3E252944060083FC2B /* AnimalDetail.storyboard in Resources */ = {isa = PBXBuildFile; fileRef = 3222FF3D252944060083FC2B /* AnimalDetail.storyboard */; };
		328914CB2529496C00D7B951 /* AnimalDetailViewController.swift in Sources */ = {isa = PBXBuildFile; fileRef = 328914CA2529496C00D7B951 /* AnimalDetailViewController.swift */; };
		32B42172252930D2003A98C6 /* AppDelegate.swift in Sources */ = {isa = PBXBuildFile; fileRef = 32B42171252930D2003A98C6 /* AppDelegate.swift */; };
		32B42174252930D2003A98C6 /* SceneDelegate.swift in Sources */ = {isa = PBXBuildFile; fileRef = 32B42173252930D2003A98C6 /* SceneDelegate.swift */; };
		32B42176252930D2003A98C6 /* ViewController.swift in Sources */ = {isa = PBXBuildFile; fileRef = 32B42175252930D2003A98C6 /* ViewController.swift */; };
		32B42179252930D2003A98C6 /* Main.storyboard in Resources */ = {isa = PBXBuildFile; fileRef = 32B42177252930D2003A98C6 /* Main.storyboard */; };
		32B4217B252930D6003A98C6 /* Assets.xcassets in Resources */ = {isa = PBXBuildFile; fileRef = 32B4217A252930D6003A98C6 /* Assets.xcassets */; };
		32B4217E252930D6003A98C6 /* LaunchScreen.storyboard in Resources */ = {isa = PBXBuildFile; fileRef = 32B4217C252930D6003A98C6 /* LaunchScreen.storyboard */; };
		32B4218725293511003A98C6 /* Animal.swift in Sources */ = {isa = PBXBuildFile; fileRef = 32B4218625293511003A98C6 /* Animal.swift */; };
		32B4218925293734003A98C6 /* AnimalTableViewCell.swift in Sources */ = {isa = PBXBuildFile; fileRef = 32B4218825293734003A98C6 /* AnimalTableViewCell.swift */; };
/* End PBXBuildFile section */

/* Begin PBXFileReference section */
		3222FF3D252944060083FC2B /* AnimalDetail.storyboard */ = {isa = PBXFileReference; lastKnownFileType = file.storyboard; path = AnimalDetail.storyboard; sourceTree = "<group>"; };
		328914CA2529496C00D7B951 /* AnimalDetailViewController.swift */ = {isa = PBXFileReference; lastKnownFileType = sourcecode.swift; path = AnimalDetailViewController.swift; sourceTree = "<group>"; };
		32B4216E252930D2003A98C6 /* 09_30_EX_Desafio02.app */ = {isa = PBXFileReference; explicitFileType = wrapper.application; includeInIndex = 0; path = 09_30_EX_Desafio02.app; sourceTree = BUILT_PRODUCTS_DIR; };
		32B42171252930D2003A98C6 /* AppDelegate.swift */ = {isa = PBXFileReference; lastKnownFileType = sourcecode.swift; path = AppDelegate.swift; sourceTree = "<group>"; };
		32B42173252930D2003A98C6 /* SceneDelegate.swift */ = {isa = PBXFileReference; lastKnownFileType = sourcecode.swift; path = SceneDelegate.swift; sourceTree = "<group>"; };
		32B42175252930D2003A98C6 /* ViewController.swift */ = {isa = PBXFileReference; lastKnownFileType = sourcecode.swift; path = ViewController.swift; sourceTree = "<group>"; };
		32B42178252930D2003A98C6 /* Base */ = {isa = PBXFileReference; lastKnownFileType = file.storyboard; name = Base; path = Base.lproj/Main.storyboard; sourceTree = "<group>"; };
		32B4217A252930D6003A98C6 /* Assets.xcassets */ = {isa = PBXFileReference; lastKnownFileType = folder.assetcatalog; path = Assets.xcassets; sourceTree = "<group>"; };
		32B4217D252930D6003A98C6 /* Base */ = {isa = PBXFileReference; lastKnownFileType = file.storyboard; name = Base; path = Base.lproj/LaunchScreen.storyboard; sourceTree = "<group>"; };
		32B4217F252930D6003A98C6 /* Info.plist */ = {isa = PBXFileReference; lastKnownFileType = text.plist.xml; path = Info.plist; sourceTree = "<group>"; };
		32B4218625293511003A98C6 /* Animal.swift */ = {isa = PBXFileReference; lastKnownFileType = sourcecode.swift; path = Animal.swift; sourceTree = "<group>"; };
		32B4218825293734003A98C6 /* AnimalTableViewCell.swift */ = {isa = PBXFileReference; lastKnownFileType = sourcecode.swift; path = AnimalTableViewCell.swift; sourceTree = "<group>"; };
/* End PBXFileReference section */

/* Begin PBXFrameworksBuildPhase section */
		32B4216B252930D2003A98C6 /* Frameworks */ = {
			isa = PBXFrameworksBuildPhase;
			buildActionMask = 2147483647;
			files = (
			);
			runOnlyForDeploymentPostprocessing = 0;
		};
/* End PBXFrameworksBuildPhase section */

/* Begin PBXGroup section */
		3222FF3F2529440C0083FC2B /* Animal Detail */ = {
			isa = PBXGroup;
			children = (
				328914CA2529496C00D7B951 /* AnimalDetailViewController.swift */,
				3222FF3D252944060083FC2B /* AnimalDetail.storyboard */,
			);
			path = "Animal Detail";
			sourceTree = "<group>";
		};
		32B42165252930D1003A98C6 = {
			isa = PBXGroup;
			children = (
				32B42170252930D2003A98C6 /* 09_30_EX_Desafio02 */,
				32B4216F252930D2003A98C6 /* Products */,
			);
			sourceTree = "<group>";
		};
		32B4216F252930D2003A98C6 /* Products */ = {
			isa = PBXGroup;
			children = (
				32B4216E252930D2003A98C6 /* 09_30_EX_Desafio02.app */,
			);
			name = Products;
			sourceTree = "<group>";
		};
		32B42170252930D2003A98C6 /* 09_30_EX_Desafio02 */ = {
			isa = PBXGroup;
			children = (
				32B42171252930D2003A98C6 /* AppDelegate.swift */,
				32B42173252930D2003A98C6 /* SceneDelegate.swift */,
				32B4218625293511003A98C6 /* Animal.swift */,
				32B4218825293734003A98C6 /* AnimalTableViewCell.swift */,
				32B42185252930E5003A98C6 /* Main */,
				32B4217A252930D6003A98C6 /* Assets.xcassets */,
				32B4217C252930D6003A98C6 /* LaunchScreen.storyboard */,
				3222FF3F2529440C0083FC2B /* Animal Detail */,
				32B4217F252930D6003A98C6 /* Info.plist */,
			);
			path = 09_30_EX_Desafio02;
			sourceTree = "<group>";
		};
		32B42185252930E5003A98C6 /* Main */ = {
			isa = PBXGroup;
			children = (
				32B42175252930D2003A98C6 /* ViewController.swift */,
				32B42177252930D2003A98C6 /* Main.storyboard */,
			);
			path = Main;
			sourceTree = "<group>";
		};
/* End PBXGroup section */

/* Begin PBXNativeTarget section */
		32B4216D252930D2003A98C6 /* 09_30_EX_Desafio02 */ = {
			isa = PBXNativeTarget;
			buildConfigurationList = 32B42182252930D6003A98C6 /* Build configuration list for PBXNativeTarget "09_30_EX_Desafio02" */;
			buildPhases = (
				32B4216A252930D2003A98C6 /* Sources */,
				32B4216B252930D2003A98C6 /* Frameworks */,
				32B4216C252930D2003A98C6 /* Resources */,
			);
			buildRules = (
			);
			dependencies = (
			);
			name = 09_30_EX_Desafio02;
			productName = 09_30_EX_Desafio02;
			productReference = 32B4216E252930D2003A98C6 /* 09_30_EX_Desafio02.app */;
			productType = "com.apple.product-type.application";
		};
/* End PBXNativeTarget section */

/* Begin PBXProject section */
		32B42166252930D1003A98C6 /* Project object */ = {
			isa = PBXProject;
			attributes = {
				LastSwiftUpdateCheck = 1130;
				LastUpgradeCheck = 1130;
				ORGANIZATIONNAME = "Fernanda Fernandes";
				TargetAttributes = {
					32B4216D252930D2003A98C6 = {
						CreatedOnToolsVersion = 11.3.1;
					};
				};
			};
			buildConfigurationList = 32B42169252930D1003A98C6 /* Build configuration list for PBXProject "09_30_EX_Desafio02" */;
			compatibilityVersion = "Xcode 9.3";
			developmentRegion = en;
			hasScannedForEncodings = 0;
			knownRegions = (
				en,
				Base,
			);
			mainGroup = 32B42165252930D1003A98C6;
			productRefGroup = 32B4216F252930D2003A98C6 /* Products */;
			projectDirPath = "";
			projectRoot = "";
			targets = (
				32B4216D252930D2003A98C6 /* 09_30_EX_Desafio02 */,
			);
		};
/* End PBXProject section */

/* Begin PBXResourcesBuildPhase section */
		32B4216C252930D2003A98C6 /* Resources */ = {
			isa = PBXResourcesBuildPhase;
			buildActionMask = 2147483647;
			files = (
				32B4217E252930D6003A98C6 /* LaunchScreen.storyboard in Resources */,
				32B4217B252930D6003A98C6 /* Assets.xcassets in Resources */,
				32B42179252930D2003A98C6 /* Main.storyboard in Resources */,
				3222FF3E252944060083FC2B /* AnimalDetail.storyboard in Resources */,
			);
			runOnlyForDeploymentPostprocessing = 0;
		};
/* End PBXResourcesBuildPhase section */

/* Begin PBXSourcesBuildPhase section */
		32B4216A252930D2003A98C6 /* Sources */ = {
			isa = PBXSourcesBuildPhase;
			buildActionMask = 2147483647;
			files = (
				32B42176252930D2003A98C6 /* ViewController.swift in Sources */,
				32B4218725293511003A98C6 /* Animal.swift in Sources */,
				328914CB2529496C00D7B951 /* AnimalDetailViewController.swift in Sources */,
				32B42172252930D2003A98C6 /* AppDelegate.swift in Sources */,
				32B4218925293734003A98C6 /* AnimalTableViewCell.swift in Sources */,
				32B42174252930D2003A98C6 /* SceneDelegate.swift in Sources */,
			);
			runOnlyForDeploymentPostprocessing = 0;
		};
/* End PBXSourcesBuildPhase section */

/* Begin PBXVariantGroup section */
		32B42177252930D2003A98C6 /* Main.storyboard */ = {
			isa = PBXVariantGroup;
			children = (
				32B42178252930D2003A98C6 /* Base */,
			);
			name = Main.storyboard;
			sourceTree = "<group>";
		};
		32B4217C252930D6003A98C6 /* LaunchScreen.storyboard */ = {
			isa = PBXVariantGroup;
			children = (
				32B4217D252930D6003A98C6 /* Base */,
			);
			name = LaunchScreen.storyboard;
			sourceTree = "<group>";
		};
/* End PBXVariantGroup section */

/* Begin XCBuildConfiguration section */
		32B42180252930D6003A98C6 /* Debug */ = {
			isa = XCBuildConfiguration;
			buildSettings = {
				ALWAYS_SEARCH_USER_PATHS = NO;
				CLANG_ANALYZER_NONNULL = YES;
				CLANG_ANALYZER_NUMBER_OBJECT_CONVERSION = YES_AGGRESSIVE;
				CLANG_CXX_LANGUAGE_STANDARD = "gnu++14";
				CLANG_CXX_LIBRARY = "libc++";
				CLANG_ENABLE_MODULES = YES;
				CLANG_ENABLE_OBJC_ARC = YES;
				CLANG_ENABLE_OBJC_WEAK = YES;
				CLANG_WARN_BLOCK_CAPTURE_AUTORELEASING = YES;
				CLANG_WARN_BOOL_CONVERSION = YES;
				CLANG_WARN_COMMA = YES;
				CLANG_WARN_CONSTANT_CONVERSION = YES;
				CLANG_WARN_DEPRECATED_OBJC_IMPLEMENTATIONS = YES;
				CLANG_WARN_DIRECT_OBJC_ISA_USAGE = YES_ERROR;
				CLANG_WARN_DOCUMENTATION_COMMENTS = YES;
				CLANG_WARN_EMPTY_BODY = YES;
				CLANG_WARN_ENUM_CONVERSION = YES;
				CLANG_WARN_INFINITE_RECURSION = YES;
				CLANG_WARN_INT_CONVERSION = YES;
				CLANG_WARN_NON_LITERAL_NULL_CONVERSION = YES;
				CLANG_WARN_OBJC_IMPLICIT_RETAIN_SELF = YES;
				CLANG_WARN_OBJC_LITERAL_CONVERSION = YES;
				CLANG_WARN_OBJC_ROOT_CLASS = YES_ERROR;
				CLANG_WARN_RANGE_LOOP_ANALYSIS = YES;
				CLANG_WARN_STRICT_PROTOTYPES = YES;
				CLANG_WARN_SUSPICIOUS_MOVE = YES;
				CLANG_WARN_UNGUARDED_AVAILABILITY = YES_AGGRESSIVE;
				CLANG_WARN_UNREACHABLE_CODE = YES;
				CLANG_WARN__DUPLICATE_METHOD_MATCH = YES;
				COPY_PHASE_STRIP = NO;
				DEBUG_INFORMATION_FORMAT = dwarf;
				ENABLE_STRICT_OBJC_MSGSEND = YES;
				ENABLE_TESTABILITY = YES;
				GCC_C_LANGUAGE_STANDARD = gnu11;
				GCC_DYNAMIC_NO_PIC = NO;
				GCC_NO_COMMON_BLOCKS = YES;
				GCC_OPTIMIZATION_LEVEL = 0;
				GCC_PREPROCESSOR_DEFINITIONS = (
					"DEBUG=1",
					"$(inherited)",
				);
				GCC_WARN_64_TO_32_BIT_CONVERSION = YES;
				GCC_WARN_ABOUT_RETURN_TYPE = YES_ERROR;
				GCC_WARN_UNDECLARED_SELECTOR = YES;
				GCC_WARN_UNINITIALIZED_AUTOS = YES_AGGRESSIVE;
				GCC_WARN_UNUSED_FUNCTION = YES;
				GCC_WARN_UNUSED_VARIABLE = YES;
				IPHONEOS_DEPLOYMENT_TARGET = 13.2;
				MTL_ENABLE_DEBUG_INFO = INCLUDE_SOURCE;
				MTL_FAST_MATH = YES;
				ONLY_ACTIVE_ARCH = YES;
				SDKROOT = iphoneos;
				SWIFT_ACTIVE_COMPILATION_CONDITIONS = DEBUG;
				SWIFT_OPTIMIZATION_LEVEL = "-Onone";
			};
			name = Debug;
		};
		32B42181252930D6003A98C6 /* Release */ = {
			isa = XCBuildConfiguration;
			buildSettings = {
				ALWAYS_SEARCH_USER_PATHS = NO;
				CLANG_ANALYZER_NONNULL = YES;
				CLANG_ANALYZER_NUMBER_OBJECT_CONVERSION = YES_AGGRESSIVE;
				CLANG_CXX_LANGUAGE_STANDARD = "gnu++14";
				CLANG_CXX_LIBRARY = "libc++";
				CLANG_ENABLE_MODULES = YES;
				CLANG_ENABLE_OBJC_ARC = YES;
				CLANG_ENABLE_OBJC_WEAK = YES;
				CLANG_WARN_BLOCK_CAPTURE_AUTORELEASING = YES;
				CLANG_WARN_BOOL_CONVERSION = YES;
				CLANG_WARN_COMMA = YES;
				CLANG_WARN_CONSTANT_CONVERSION = YES;
				CLANG_WARN_DEPRECATED_OBJC_IMPLEMENTATIONS = YES;
				CLANG_WARN_DIRECT_OBJC_ISA_USAGE = YES_ERROR;
				CLANG_WARN_DOCUMENTATION_COMMENTS = YES;
				CLANG_WARN_EMPTY_BODY = YES;
				CLANG_WARN_ENUM_CONVERSION = YES;
				CLANG_WARN_INFINITE_RECURSION = YES;
				CLANG_WARN_INT_CONVERSION = YES;
				CLANG_WARN_NON_LITERAL_NULL_CONVERSION = YES;
				CLANG_WARN_OBJC_IMPLICIT_RETAIN_SELF = YES;
				CLANG_WARN_OBJC_LITERAL_CONVERSION = YES;
				CLANG_WARN_OBJC_ROOT_CLASS = YES_ERROR;
				CLANG_WARN_RANGE_LOOP_ANALYSIS = YES;
				CLANG_WARN_STRICT_PROTOTYPES = YES;
				CLANG_WARN_SUSPICIOUS_MOVE = YES;
				CLANG_WARN_UNGUARDED_AVAILABILITY = YES_AGGRESSIVE;
				CLANG_WARN_UNREACHABLE_CODE = YES;
				CLANG_WARN__DUPLICATE_METHOD_MATCH = YES;
				COPY_PHASE_STRIP = NO;
				DEBUG_INFORMATION_FORMAT = "dwarf-with-dsym";
				ENABLE_NS_ASSERTIONS = NO;
				ENABLE_STRICT_OBJC_MSGSEND = YES;
				GCC_C_LANGUAGE_STANDARD = gnu11;
				GCC_NO_COMMON_BLOCKS = YES;
				GCC_WARN_64_TO_32_BIT_CONVERSION = YES;
				GCC_WARN_ABOUT_RETURN_TYPE = YES_ERROR;
				GCC_WARN_UNDECLARED_SELECTOR = YES;
				GCC_WARN_UNINITIALIZED_AUTOS = YES_AGGRESSIVE;
				GCC_WARN_UNUSED_FUNCTION = YES;
				GCC_WARN_UNUSED_VARIABLE = YES;
				IPHONEOS_DEPLOYMENT_TARGET = 13.2;
				MTL_ENABLE_DEBUG_INFO = NO;
				MTL_FAST_MATH = YES;
				SDKROOT = iphoneos;
				SWIFT_COMPILATION_MODE = wholemodule;
				SWIFT_OPTIMIZATION_LEVEL = "-O";
				VALIDATE_PRODUCT = YES;
			};
			name = Release;
		};
		32B42183252930D6003A98C6 /* Debug */ = {
			isa = XCBuildConfiguration;
			buildSettings = {
				ASSETCATALOG_COMPILER_APPICON_NAME = AppIcon;
				CODE_SIGN_STYLE = Automatic;
				DEVELOPMENT_TEAM = CM7S6W665Y;
				INFOPLIST_FILE = 09_30_EX_Desafio02/Info.plist;
				LD_RUNPATH_SEARCH_PATHS = (
					"$(inherited)",
					"@executable_path/Frameworks",
				);
				PRODUCT_BUNDLE_IDENTIFIER = "com.flf.-9-30-EX-Desafio02";
				PRODUCT_NAME = "$(TARGET_NAME)";
				SWIFT_VERSION = 5.0;
				TARGETED_DEVICE_FAMILY = "1,2";
			};
			name = Debug;
		};
		32B42184252930D6003A98C6 /* Release */ = {
			isa = XCBuildConfiguration;
			buildSettings = {
				ASSETCATALOG_COMPILER_APPICON_NAME = AppIcon;
				CODE_SIGN_STYLE = Automatic;
				DEVELOPMENT_TEAM = CM7S6W665Y;
				INFOPLIST_FILE = 09_30_EX_Desafio02/Info.plist;
				LD_RUNPATH_SEARCH_PATHS = (
					"$(inherited)",
					"@executable_path/Frameworks",
				);
				PRODUCT_BUNDLE_IDENTIFIER = "com.flf.-9-30-EX-Desafio02";
				PRODUCT_NAME = "$(TARGET_NAME)";
				SWIFT_VERSION = 5.0;
				TARGETED_DEVICE_FAMILY = "1,2";
			};
			name = Release;
		};
/* End XCBuildConfiguration section */

/* Begin XCConfigurationList section */
		32B42169252930D1003A98C6 /* Build configuration list for PBXProject "09_30_EX_Desafio02" */ = {
			isa = XCConfigurationList;
			buildConfigurations = (
				32B42180252930D6003A98C6 /* Debug */,
				32B42181252930D6003A98C6 /* Release */,
			);
			defaultConfigurationIsVisible = 0;
			defaultConfigurationName = Release;
		};
		32B42182252930D6003A98C6 /* Build configuration list for PBXNativeTarget "09_30_EX_Desafio02" */ = {
			isa = XCConfigurationList;
			buildConfigurations = (
				32B42183252930D6003A98C6 /* Debug */,
				32B42184252930D6003A98C6 /* Release */,
			);
			defaultConfigurationIsVisible = 0;
			defaultConfigurationName = Release;
		};
/* End XCConfigurationList section */
	};
	rootObject = 32B42166252930D1003A98C6 /* Project object */;
}
